// !$*UTF8*$!
{
	archiveVersion = 1;
	classes = {
	};
	objectVersion = 50;
	objects = {

/* Begin PBXBuildFile section */
		1509DED421DCFC9C00DBCF53 /* HomeViewModel.swift in Sources */ = {isa = PBXBuildFile; fileRef = 1509DED321DCFC9C00DBCF53 /* HomeViewModel.swift */; };
		1509DED621DD12D300DBCF53 /* WeatherApplicationLogic.swift in Sources */ = {isa = PBXBuildFile; fileRef = 1509DED521DD12D300DBCF53 /* WeatherApplicationLogic.swift */; };
		1566643321F08FB80096AAEE /* HistoryViewModel.swift in Sources */ = {isa = PBXBuildFile; fileRef = 1566643221F08FB80096AAEE /* HistoryViewModel.swift */; };
		1566643521F0901A0096AAEE /* HistoryViewController.swift in Sources */ = {isa = PBXBuildFile; fileRef = 1566643421F0901A0096AAEE /* HistoryViewController.swift */; };
		1566643721F093020096AAEE /* HistoryCoordinator.swift in Sources */ = {isa = PBXBuildFile; fileRef = 1566643621F093020096AAEE /* HistoryCoordinator.swift */; };
		15666B3821D0C33D003464E8 /* AppDelegate.swift in Sources */ = {isa = PBXBuildFile; fileRef = 15666B3721D0C33D003464E8 /* AppDelegate.swift */; };
		15666B4021D0C33D003464E8 /* weatherapp.xcdatamodeld in Sources */ = {isa = PBXBuildFile; fileRef = 15666B3E21D0C33D003464E8 /* weatherapp.xcdatamodeld */; };
		15666B4221D0C33E003464E8 /* Assets.xcassets in Resources */ = {isa = PBXBuildFile; fileRef = 15666B4121D0C33E003464E8 /* Assets.xcassets */; };
		15666B4E21D382F5003464E8 /* AppCoordinator.swift in Sources */ = {isa = PBXBuildFile; fileRef = 15666B4D21D382F5003464E8 /* AppCoordinator.swift */; };
		15666B5121D383B7003464E8 /* BaseCoordinator.swift in Sources */ = {isa = PBXBuildFile; fileRef = 15666B5021D383B7003464E8 /* BaseCoordinator.swift */; };
		15666B5A21D391DE003464E8 /* HomeViewController.swift in Sources */ = {isa = PBXBuildFile; fileRef = 15666B5921D391DE003464E8 /* HomeViewController.swift */; };
		15666B5C21D39692003464E8 /* HomeCoordinator.swift in Sources */ = {isa = PBXBuildFile; fileRef = 15666B5B21D39692003464E8 /* HomeCoordinator.swift */; };
		157042C521DA198A00EAEF49 /* WeatherEndPoint.swift in Sources */ = {isa = PBXBuildFile; fileRef = 157042C421DA198A00EAEF49 /* WeatherEndPoint.swift */; };
		157042C721DA1EB600EAEF49 /* NetworkManager.swift in Sources */ = {isa = PBXBuildFile; fileRef = 157042C621DA1EB600EAEF49 /* NetworkManager.swift */; };
		15C9B0E121D3D3F7005A56F4 /* History.swift in Sources */ = {isa = PBXBuildFile; fileRef = 15C9B0E021D3D3F7005A56F4 /* History.swift */; };
		E276FD903F4C66CF88C656BB /* Pods_weatherapp.framework in Frameworks */ = {isa = PBXBuildFile; fileRef = 9A367266B8B775BF11FAA1AE /* Pods_weatherapp.framework */; };
/* End PBXBuildFile section */

/* Begin PBXFileReference section */
		1509DED321DCFC9C00DBCF53 /* HomeViewModel.swift */ = {isa = PBXFileReference; lastKnownFileType = sourcecode.swift; path = HomeViewModel.swift; sourceTree = "<group>"; };
		1509DED521DD12D300DBCF53 /* WeatherApplicationLogic.swift */ = {isa = PBXFileReference; lastKnownFileType = sourcecode.swift; path = WeatherApplicationLogic.swift; sourceTree = "<group>"; };
		1566643221F08FB80096AAEE /* HistoryViewModel.swift */ = {isa = PBXFileReference; lastKnownFileType = sourcecode.swift; path = HistoryViewModel.swift; sourceTree = "<group>"; };
		1566643421F0901A0096AAEE /* HistoryViewController.swift */ = {isa = PBXFileReference; lastKnownFileType = sourcecode.swift; path = HistoryViewController.swift; sourceTree = "<group>"; };
		1566643621F093020096AAEE /* HistoryCoordinator.swift */ = {isa = PBXFileReference; lastKnownFileType = sourcecode.swift; path = HistoryCoordinator.swift; sourceTree = "<group>"; };
		15666B3421D0C33D003464E8 /* weatherapp.app */ = {isa = PBXFileReference; explicitFileType = wrapper.application; includeInIndex = 0; path = weatherapp.app; sourceTree = BUILT_PRODUCTS_DIR; };
		15666B3721D0C33D003464E8 /* AppDelegate.swift */ = {isa = PBXFileReference; lastKnownFileType = sourcecode.swift; path = AppDelegate.swift; sourceTree = "<group>"; };
		15666B3F21D0C33D003464E8 /* weatherapp.xcdatamodel */ = {isa = PBXFileReference; lastKnownFileType = wrapper.xcdatamodel; path = weatherapp.xcdatamodel; sourceTree = "<group>"; };
		15666B4121D0C33E003464E8 /* Assets.xcassets */ = {isa = PBXFileReference; lastKnownFileType = folder.assetcatalog; path = Assets.xcassets; sourceTree = "<group>"; };
		15666B4621D0C33E003464E8 /* Info.plist */ = {isa = PBXFileReference; lastKnownFileType = text.plist.xml; path = Info.plist; sourceTree = "<group>"; };
		15666B4D21D382F5003464E8 /* AppCoordinator.swift */ = {isa = PBXFileReference; lastKnownFileType = sourcecode.swift; path = AppCoordinator.swift; sourceTree = "<group>"; };
		15666B5021D383B7003464E8 /* BaseCoordinator.swift */ = {isa = PBXFileReference; lastKnownFileType = sourcecode.swift; path = BaseCoordinator.swift; sourceTree = "<group>"; };
		15666B5921D391DE003464E8 /* HomeViewController.swift */ = {isa = PBXFileReference; lastKnownFileType = sourcecode.swift; path = HomeViewController.swift; sourceTree = "<group>"; };
		15666B5B21D39692003464E8 /* HomeCoordinator.swift */ = {isa = PBXFileReference; lastKnownFileType = sourcecode.swift; path = HomeCoordinator.swift; sourceTree = "<group>"; };
		157042C421DA198A00EAEF49 /* WeatherEndPoint.swift */ = {isa = PBXFileReference; lastKnownFileType = sourcecode.swift; path = WeatherEndPoint.swift; sourceTree = "<group>"; };
		157042C621DA1EB600EAEF49 /* NetworkManager.swift */ = {isa = PBXFileReference; lastKnownFileType = sourcecode.swift; path = NetworkManager.swift; sourceTree = "<group>"; };
		15C9B0E021D3D3F7005A56F4 /* History.swift */ = {isa = PBXFileReference; lastKnownFileType = sourcecode.swift; path = History.swift; sourceTree = "<group>"; };
		7CCFEBB6DDAC827FB6B42AA6 /* Pods-weatherapp.debug.xcconfig */ = {isa = PBXFileReference; includeInIndex = 1; lastKnownFileType = text.xcconfig; name = "Pods-weatherapp.debug.xcconfig"; path = "Pods/Target Support Files/Pods-weatherapp/Pods-weatherapp.debug.xcconfig"; sourceTree = "<group>"; };
		9A367266B8B775BF11FAA1AE /* Pods_weatherapp.framework */ = {isa = PBXFileReference; explicitFileType = wrapper.framework; includeInIndex = 0; path = Pods_weatherapp.framework; sourceTree = BUILT_PRODUCTS_DIR; };
		F2EFDE0856B97E6F81A55997 /* Pods-weatherapp.release.xcconfig */ = {isa = PBXFileReference; includeInIndex = 1; lastKnownFileType = text.xcconfig; name = "Pods-weatherapp.release.xcconfig"; path = "Pods/Target Support Files/Pods-weatherapp/Pods-weatherapp.release.xcconfig"; sourceTree = "<group>"; };
/* End PBXFileReference section */

/* Begin PBXFrameworksBuildPhase section */
		15666B3121D0C33D003464E8 /* Frameworks */ = {
			isa = PBXFrameworksBuildPhase;
			buildActionMask = 2147483647;
			files = (
				E276FD903F4C66CF88C656BB /* Pods_weatherapp.framework in Frameworks */,
			);
			runOnlyForDeploymentPostprocessing = 0;
		};
/* End PBXFrameworksBuildPhase section */

/* Begin PBXGroup section */
		15666B2B21D0C33D003464E8 = {
			isa = PBXGroup;
			children = (
				15666B3621D0C33D003464E8 /* weatherapp */,
				15666B3521D0C33D003464E8 /* Products */,
				87565A2DE00D0DEC054B6278 /* Frameworks */,
				44033F225089A792DCE4009A /* Pods */,
			);
			sourceTree = "<group>";
		};
		15666B3521D0C33D003464E8 /* Products */ = {
			isa = PBXGroup;
			children = (
				15666B3421D0C33D003464E8 /* weatherapp.app */,
			);
			name = Products;
			sourceTree = "<group>";
		};
		15666B3621D0C33D003464E8 /* weatherapp */ = {
			isa = PBXGroup;
			children = (
				15666B4C21D381BA003464E8 /* App */,
				15666B5321D3846A003464E8 /* Classes */,
				15666B4F21D38388003464E8 /* Library */,
				15666B4121D0C33E003464E8 /* Assets.xcassets */,
				15666B4621D0C33E003464E8 /* Info.plist */,
				15666B3E21D0C33D003464E8 /* weatherapp.xcdatamodeld */,
			);
			path = weatherapp;
			sourceTree = "<group>";
		};
		15666B4C21D381BA003464E8 /* App */ = {
			isa = PBXGroup;
			children = (
				15666B3721D0C33D003464E8 /* AppDelegate.swift */,
			);
			path = App;
			sourceTree = "<group>";
		};
		15666B4F21D38388003464E8 /* Library */ = {
			isa = PBXGroup;
			children = (
				15666B5021D383B7003464E8 /* BaseCoordinator.swift */,
			);
			path = Library;
			sourceTree = "<group>";
		};
		15666B5221D38456003464E8 /* Coordinators */ = {
			isa = PBXGroup;
			children = (
				15666B4D21D382F5003464E8 /* AppCoordinator.swift */,
				1566643621F093020096AAEE /* HistoryCoordinator.swift */,
				15666B5B21D39692003464E8 /* HomeCoordinator.swift */,
			);
			path = Coordinators;
			sourceTree = "<group>";
		};
		15666B5321D3846A003464E8 /* Classes */ = {
			isa = PBXGroup;
			children = (
				15666B5721D38520003464E8 /* ApplicationLogics */,
				15666B5221D38456003464E8 /* Coordinators */,
				15666B5521D384F0003464E8 /* Entities */,
				157042C321DA196900EAEF49 /* Networking */,
				15666B5821D38539003464E8 /* Services */,
				15666B5421D38476003464E8 /* ViewControllers */,
				15666B5621D3850C003464E8 /* ViewModels */,
			);
			path = Classes;
			sourceTree = "<group>";
		};
		15666B5421D38476003464E8 /* ViewControllers */ = {
			isa = PBXGroup;
			children = (
				1566643421F0901A0096AAEE /* HistoryViewController.swift */,
				15666B5921D391DE003464E8 /* HomeViewController.swift */,
			);
			path = ViewControllers;
			sourceTree = "<group>";
		};
		15666B5521D384F0003464E8 /* Entities */ = {
			isa = PBXGroup;
			children = (
				15C9B0E021D3D3F7005A56F4 /* History.swift */,
			);
			path = Entities;
			sourceTree = "<group>";
		};
		15666B5621D3850C003464E8 /* ViewModels */ = {
			isa = PBXGroup;
			children = (
				1566643221F08FB80096AAEE /* HistoryViewModel.swift */,
				1509DED321DCFC9C00DBCF53 /* HomeViewModel.swift */,
			);
			path = ViewModels;
			sourceTree = "<group>";
		};
		15666B5721D38520003464E8 /* ApplicationLogics */ = {
			isa = PBXGroup;
			children = (
				1509DED521DD12D300DBCF53 /* WeatherApplicationLogic.swift */,
			);
			path = ApplicationLogics;
			sourceTree = "<group>";
		};
		15666B5821D38539003464E8 /* Services */ = {
			isa = PBXGroup;
			children = (
			);
			path = Services;
			sourceTree = "<group>";
		};
		157042C321DA196900EAEF49 /* Networking */ = {
			isa = PBXGroup;
			children = (
				157042C621DA1EB600EAEF49 /* NetworkManager.swift */,
				157042C421DA198A00EAEF49 /* WeatherEndPoint.swift */,
			);
			path = Networking;
			sourceTree = "<group>";
		};
		44033F225089A792DCE4009A /* Pods */ = {
			isa = PBXGroup;
			children = (
				7CCFEBB6DDAC827FB6B42AA6 /* Pods-weatherapp.debug.xcconfig */,
				F2EFDE0856B97E6F81A55997 /* Pods-weatherapp.release.xcconfig */,
			);
			name = Pods;
			sourceTree = "<group>";
		};
		87565A2DE00D0DEC054B6278 /* Frameworks */ = {
			isa = PBXGroup;
			children = (
				9A367266B8B775BF11FAA1AE /* Pods_weatherapp.framework */,
			);
			name = Frameworks;
			sourceTree = "<group>";
		};
/* End PBXGroup section */

/* Begin PBXNativeTarget section */
		15666B3321D0C33D003464E8 /* weatherapp */ = {
			isa = PBXNativeTarget;
			buildConfigurationList = 15666B4921D0C33E003464E8 /* Build configuration list for PBXNativeTarget "weatherapp" */;
			buildPhases = (
				34FE683C37FCFAC088D3F893 /* [CP] Check Pods Manifest.lock */,
				15666B3021D0C33D003464E8 /* Sources */,
				15666B3121D0C33D003464E8 /* Frameworks */,
				15666B3221D0C33D003464E8 /* Resources */,
				09B16C6DAD542A017D2F9981 /* [CP] Embed Pods Frameworks */,
			);
			buildRules = (
			);
			dependencies = (
			);
			name = weatherapp;
			productName = weatherapp;
			productReference = 15666B3421D0C33D003464E8 /* weatherapp.app */;
			productType = "com.apple.product-type.application";
		};
/* End PBXNativeTarget section */

/* Begin PBXProject section */
		15666B2C21D0C33D003464E8 /* Project object */ = {
			isa = PBXProject;
			attributes = {
				LastSwiftUpdateCheck = 1010;
				LastUpgradeCheck = 1010;
				ORGANIZATIONNAME = "Felix Boquet";
				TargetAttributes = {
					15666B3321D0C33D003464E8 = {
						CreatedOnToolsVersion = 10.1;
					};
				};
			};
			buildConfigurationList = 15666B2F21D0C33D003464E8 /* Build configuration list for PBXProject "weatherapp" */;
			compatibilityVersion = "Xcode 9.3";
			developmentRegion = en;
			hasScannedForEncodings = 0;
			knownRegions = (
				en,
				Base,
			);
			mainGroup = 15666B2B21D0C33D003464E8;
			productRefGroup = 15666B3521D0C33D003464E8 /* Products */;
			projectDirPath = "";
			projectRoot = "";
			targets = (
				15666B3321D0C33D003464E8 /* weatherapp */,
			);
		};
/* End PBXProject section */

/* Begin PBXResourcesBuildPhase section */
		15666B3221D0C33D003464E8 /* Resources */ = {
			isa = PBXResourcesBuildPhase;
			buildActionMask = 2147483647;
			files = (
				15666B4221D0C33E003464E8 /* Assets.xcassets in Resources */,
			);
			runOnlyForDeploymentPostprocessing = 0;
		};
/* End PBXResourcesBuildPhase section */

/* Begin PBXShellScriptBuildPhase section */
		09B16C6DAD542A017D2F9981 /* [CP] Embed Pods Frameworks */ = {
			isa = PBXShellScriptBuildPhase;
			buildActionMask = 2147483647;
			files = (
			);
			inputFileListPaths = (
			);
			inputPaths = (
				"${SRCROOT}/Pods/Target Support Files/Pods-weatherapp/Pods-weatherapp-frameworks.sh",
				"${BUILT_PRODUCTS_DIR}/Alamofire/Alamofire.framework",
				"${BUILT_PRODUCTS_DIR}/ModelMapper/Mapper.framework",
				"${BUILT_PRODUCTS_DIR}/Moya/Moya.framework",
				"${BUILT_PRODUCTS_DIR}/Moya-ModelMapper/Moya_ModelMapper.framework",
				"${BUILT_PRODUCTS_DIR}/Moya-ObjectMapper/Moya_ObjectMapper.framework",
				"${BUILT_PRODUCTS_DIR}/ObjectMapper/ObjectMapper.framework",
				"${BUILT_PRODUCTS_DIR}/Realm/Realm.framework",
				"${BUILT_PRODUCTS_DIR}/RealmSwift/RealmSwift.framework",
				"${BUILT_PRODUCTS_DIR}/Result/Result.framework",
				"${BUILT_PRODUCTS_DIR}/RxAtomic/RxAtomic.framework",
				"${BUILT_PRODUCTS_DIR}/RxCocoa/RxCocoa.framework",
				"${BUILT_PRODUCTS_DIR}/RxSwift/RxSwift.framework",
			);
			name = "[CP] Embed Pods Frameworks";
			outputFileListPaths = (
			);
			outputPaths = (
				"${TARGET_BUILD_DIR}/${FRAMEWORKS_FOLDER_PATH}/Alamofire.framework",
				"${TARGET_BUILD_DIR}/${FRAMEWORKS_FOLDER_PATH}/Mapper.framework",
				"${TARGET_BUILD_DIR}/${FRAMEWORKS_FOLDER_PATH}/Moya.framework",
				"${TARGET_BUILD_DIR}/${FRAMEWORKS_FOLDER_PATH}/Moya_ModelMapper.framework",
				"${TARGET_BUILD_DIR}/${FRAMEWORKS_FOLDER_PATH}/Moya_ObjectMapper.framework",
				"${TARGET_BUILD_DIR}/${FRAMEWORKS_FOLDER_PATH}/ObjectMapper.framework",
				"${TARGET_BUILD_DIR}/${FRAMEWORKS_FOLDER_PATH}/Realm.framework",
				"${TARGET_BUILD_DIR}/${FRAMEWORKS_FOLDER_PATH}/RealmSwift.framework",
				"${TARGET_BUILD_DIR}/${FRAMEWORKS_FOLDER_PATH}/Result.framework",
				"${TARGET_BUILD_DIR}/${FRAMEWORKS_FOLDER_PATH}/RxAtomic.framework",
				"${TARGET_BUILD_DIR}/${FRAMEWORKS_FOLDER_PATH}/RxCocoa.framework",
				"${TARGET_BUILD_DIR}/${FRAMEWORKS_FOLDER_PATH}/RxSwift.framework",
			);
			runOnlyForDeploymentPostprocessing = 0;
			shellPath = /bin/sh;
			shellScript = "\"${SRCROOT}/Pods/Target Support Files/Pods-weatherapp/Pods-weatherapp-frameworks.sh\"\n";
			showEnvVarsInLog = 0;
		};
		34FE683C37FCFAC088D3F893 /* [CP] Check Pods Manifest.lock */ = {
			isa = PBXShellScriptBuildPhase;
			buildActionMask = 2147483647;
			files = (
			);
			inputFileListPaths = (
			);
			inputPaths = (
				"${PODS_PODFILE_DIR_PATH}/Podfile.lock",
				"${PODS_ROOT}/Manifest.lock",
			);
			name = "[CP] Check Pods Manifest.lock";
			outputFileListPaths = (
			);
			outputPaths = (
				"$(DERIVED_FILE_DIR)/Pods-weatherapp-checkManifestLockResult.txt",
			);
			runOnlyForDeploymentPostprocessing = 0;
			shellPath = /bin/sh;
			shellScript = "diff \"${PODS_PODFILE_DIR_PATH}/Podfile.lock\" \"${PODS_ROOT}/Manifest.lock\" > /dev/null\nif [ $? != 0 ] ; then\n    # print error to STDERR\n    echo \"error: The sandbox is not in sync with the Podfile.lock. Run 'pod install' or update your CocoaPods installation.\" >&2\n    exit 1\nfi\n# This output is used by Xcode 'outputs' to avoid re-running this script phase.\necho \"SUCCESS\" > \"${SCRIPT_OUTPUT_FILE_0}\"\n";
			showEnvVarsInLog = 0;
		};
/* End PBXShellScriptBuildPhase section */

/* Begin PBXSourcesBuildPhase section */
		15666B3021D0C33D003464E8 /* Sources */ = {
			isa = PBXSourcesBuildPhase;
			buildActionMask = 2147483647;
			files = (
				15C9B0E121D3D3F7005A56F4 /* History.swift in Sources */,
				1566643721F093020096AAEE /* HistoryCoordinator.swift in Sources */,
				1509DED421DCFC9C00DBCF53 /* HomeViewModel.swift in Sources */,
				15666B5A21D391DE003464E8 /* HomeViewController.swift in Sources */,
				15666B5121D383B7003464E8 /* BaseCoordinator.swift in Sources */,
				1566643521F0901A0096AAEE /* HistoryViewController.swift in Sources */,
				157042C721DA1EB600EAEF49 /* NetworkManager.swift in Sources */,
				1509DED621DD12D300DBCF53 /* WeatherApplicationLogic.swift in Sources */,
				15666B4E21D382F5003464E8 /* AppCoordinator.swift in Sources */,
				15666B4021D0C33D003464E8 /* weatherapp.xcdatamodeld in Sources */,
				15666B3821D0C33D003464E8 /* AppDelegate.swift in Sources */,
				15666B5C21D39692003464E8 /* HomeCoordinator.swift in Sources */,
				1566643321F08FB80096AAEE /* HistoryViewModel.swift in Sources */,
				157042C521DA198A00EAEF49 /* WeatherEndPoint.swift in Sources */,
			);
			runOnlyForDeploymentPostprocessing = 0;
		};
/* End PBXSourcesBuildPhase section */

/* Begin XCBuildConfiguration section */
		15666B4721D0C33E003464E8 /* Debug */ = {
			isa = XCBuildConfiguration;
			buildSettings = {
				ALWAYS_SEARCH_USER_PATHS = NO;
				CLANG_ANALYZER_NONNULL = YES;
				CLANG_ANALYZER_NUMBER_OBJECT_CONVERSION = YES_AGGRESSIVE;
				CLANG_CXX_LANGUAGE_STANDARD = "gnu++14";
				CLANG_CXX_LIBRARY = "libc++";
				CLANG_ENABLE_MODULES = YES;
				CLANG_ENABLE_OBJC_ARC = YES;
				CLANG_ENABLE_OBJC_WEAK = YES;
				CLANG_WARN_BLOCK_CAPTURE_AUTORELEASING = YES;
				CLANG_WARN_BOOL_CONVERSION = YES;
				CLANG_WARN_COMMA = YES;
				CLANG_WARN_CONSTANT_CONVERSION = YES;
				CLANG_WARN_DEPRECATED_OBJC_IMPLEMENTATIONS = YES;
				CLANG_WARN_DIRECT_OBJC_ISA_USAGE = YES_ERROR;
				CLANG_WARN_DOCUMENTATION_COMMENTS = YES;
				CLANG_WARN_EMPTY_BODY = YES;
				CLANG_WARN_ENUM_CONVERSION = YES;
				CLANG_WARN_INFINITE_RECURSION = YES;
				CLANG_WARN_INT_CONVERSION = YES;
				CLANG_WARN_NON_LITERAL_NULL_CONVERSION = YES;
				CLANG_WARN_OBJC_IMPLICIT_RETAIN_SELF = YES;
				CLANG_WARN_OBJC_LITERAL_CONVERSION = YES;
				CLANG_WARN_OBJC_ROOT_CLASS = YES_ERROR;
				CLANG_WARN_RANGE_LOOP_ANALYSIS = YES;
				CLANG_WARN_STRICT_PROTOTYPES = YES;
				CLANG_WARN_SUSPICIOUS_MOVE = YES;
				CLANG_WARN_UNGUARDED_AVAILABILITY = YES_AGGRESSIVE;
				CLANG_WARN_UNREACHABLE_CODE = YES;
				CLANG_WARN__DUPLICATE_METHOD_MATCH = YES;
				CODE_SIGN_IDENTITY = "iPhone Developer";
				COPY_PHASE_STRIP = NO;
				DEBUG_INFORMATION_FORMAT = dwarf;
				ENABLE_STRICT_OBJC_MSGSEND = YES;
				ENABLE_TESTABILITY = YES;
				GCC_C_LANGUAGE_STANDARD = gnu11;
				GCC_DYNAMIC_NO_PIC = NO;
				GCC_NO_COMMON_BLOCKS = YES;
				GCC_OPTIMIZATION_LEVEL = 0;
				GCC_PREPROCESSOR_DEFINITIONS = (
					"DEBUG=1",
					"$(inherited)",
				);
				GCC_WARN_64_TO_32_BIT_CONVERSION = YES;
				GCC_WARN_ABOUT_RETURN_TYPE = YES_ERROR;
				GCC_WARN_UNDECLARED_SELECTOR = YES;
				GCC_WARN_UNINITIALIZED_AUTOS = YES_AGGRESSIVE;
				GCC_WARN_UNUSED_FUNCTION = YES;
				GCC_WARN_UNUSED_VARIABLE = YES;
				IPHONEOS_DEPLOYMENT_TARGET = 12.1;
				MTL_ENABLE_DEBUG_INFO = INCLUDE_SOURCE;
				MTL_FAST_MATH = YES;
				ONLY_ACTIVE_ARCH = YES;
				SDKROOT = iphoneos;
				SWIFT_ACTIVE_COMPILATION_CONDITIONS = DEBUG;
				SWIFT_OPTIMIZATION_LEVEL = "-Onone";
			};
			name = Debug;
		};
		15666B4821D0C33E003464E8 /* Release */ = {
			isa = XCBuildConfiguration;
			buildSettings = {
				ALWAYS_SEARCH_USER_PATHS = NO;
				CLANG_ANALYZER_NONNULL = YES;
				CLANG_ANALYZER_NUMBER_OBJECT_CONVERSION = YES_AGGRESSIVE;
				CLANG_CXX_LANGUAGE_STANDARD = "gnu++14";
				CLANG_CXX_LIBRARY = "libc++";
				CLANG_ENABLE_MODULES = YES;
				CLANG_ENABLE_OBJC_ARC = YES;
				CLANG_ENABLE_OBJC_WEAK = YES;
				CLANG_WARN_BLOCK_CAPTURE_AUTORELEASING = YES;
				CLANG_WARN_BOOL_CONVERSION = YES;
				CLANG_WARN_COMMA = YES;
				CLANG_WARN_CONSTANT_CONVERSION = YES;
				CLANG_WARN_DEPRECATED_OBJC_IMPLEMENTATIONS = YES;
				CLANG_WARN_DIRECT_OBJC_ISA_USAGE = YES_ERROR;
				CLANG_WARN_DOCUMENTATION_COMMENTS = YES;
				CLANG_WARN_EMPTY_BODY = YES;
				CLANG_WARN_ENUM_CONVERSION = YES;
				CLANG_WARN_INFINITE_RECURSION = YES;
				CLANG_WARN_INT_CONVERSION = YES;
				CLANG_WARN_NON_LITERAL_NULL_CONVERSION = YES;
				CLANG_WARN_OBJC_IMPLICIT_RETAIN_SELF = YES;
				CLANG_WARN_OBJC_LITERAL_CONVERSION = YES;
				CLANG_WARN_OBJC_ROOT_CLASS = YES_ERROR;
				CLANG_WARN_RANGE_LOOP_ANALYSIS = YES;
				CLANG_WARN_STRICT_PROTOTYPES = YES;
				CLANG_WARN_SUSPICIOUS_MOVE = YES;
				CLANG_WARN_UNGUARDED_AVAILABILITY = YES_AGGRESSIVE;
				CLANG_WARN_UNREACHABLE_CODE = YES;
				CLANG_WARN__DUPLICATE_METHOD_MATCH = YES;
				CODE_SIGN_IDENTITY = "iPhone Developer";
				COPY_PHASE_STRIP = NO;
				DEBUG_INFORMATION_FORMAT = "dwarf-with-dsym";
				ENABLE_NS_ASSERTIONS = NO;
				ENABLE_STRICT_OBJC_MSGSEND = YES;
				GCC_C_LANGUAGE_STANDARD = gnu11;
				GCC_NO_COMMON_BLOCKS = YES;
				GCC_WARN_64_TO_32_BIT_CONVERSION = YES;
				GCC_WARN_ABOUT_RETURN_TYPE = YES_ERROR;
				GCC_WARN_UNDECLARED_SELECTOR = YES;
				GCC_WARN_UNINITIALIZED_AUTOS = YES_AGGRESSIVE;
				GCC_WARN_UNUSED_FUNCTION = YES;
				GCC_WARN_UNUSED_VARIABLE = YES;
				IPHONEOS_DEPLOYMENT_TARGET = 12.1;
				MTL_ENABLE_DEBUG_INFO = NO;
				MTL_FAST_MATH = YES;
				SDKROOT = iphoneos;
				SWIFT_COMPILATION_MODE = wholemodule;
				SWIFT_OPTIMIZATION_LEVEL = "-O";
				VALIDATE_PRODUCT = YES;
			};
			name = Release;
		};
		15666B4A21D0C33E003464E8 /* Debug */ = {
			isa = XCBuildConfiguration;
			baseConfigurationReference = 7CCFEBB6DDAC827FB6B42AA6 /* Pods-weatherapp.debug.xcconfig */;
			buildSettings = {
				ASSETCATALOG_COMPILER_APPICON_NAME = AppIcon;
				CODE_SIGN_STYLE = Automatic;
				INFOPLIST_FILE = weatherapp/Info.plist;
				LD_RUNPATH_SEARCH_PATHS = (
					"$(inherited)",
					"@executable_path/Frameworks",
				);
				PRODUCT_BUNDLE_IDENTIFIER = com.boquet.weatherapp;
				PRODUCT_NAME = "$(TARGET_NAME)";
				SWIFT_VERSION = 4.2;
				TARGETED_DEVICE_FAMILY = "1,2";
			};
			name = Debug;
		};
		15666B4B21D0C33E003464E8 /* Release */ = {
			isa = XCBuildConfiguration;
			baseConfigurationReference = F2EFDE0856B97E6F81A55997 /* Pods-weatherapp.release.xcconfig */;
			buildSettings = {
				ASSETCATALOG_COMPILER_APPICON_NAME = AppIcon;
				CODE_SIGN_STYLE = Automatic;
				INFOPLIST_FILE = weatherapp/Info.plist;
				LD_RUNPATH_SEARCH_PATHS = (
					"$(inherited)",
					"@executable_path/Frameworks",
				);
				PRODUCT_BUNDLE_IDENTIFIER = com.boquet.weatherapp;
				PRODUCT_NAME = "$(TARGET_NAME)";
				SWIFT_VERSION = 4.2;
				TARGETED_DEVICE_FAMILY = "1,2";
			};
			name = Release;
		};
/* End XCBuildConfiguration section */

/* Begin XCConfigurationList section */
		15666B2F21D0C33D003464E8 /* Build configuration list for PBXProject "weatherapp" */ = {
			isa = XCConfigurationList;
			buildConfigurations = (
				15666B4721D0C33E003464E8 /* Debug */,
				15666B4821D0C33E003464E8 /* Release */,
			);
			defaultConfigurationIsVisible = 0;
			defaultConfigurationName = Release;
		};
		15666B4921D0C33E003464E8 /* Build configuration list for PBXNativeTarget "weatherapp" */ = {
			isa = XCConfigurationList;
			buildConfigurations = (
				15666B4A21D0C33E003464E8 /* Debug */,
				15666B4B21D0C33E003464E8 /* Release */,
			);
			defaultConfigurationIsVisible = 0;
			defaultConfigurationName = Release;
		};
/* End XCConfigurationList section */

/* Begin XCVersionGroup section */
		15666B3E21D0C33D003464E8 /* weatherapp.xcdatamodeld */ = {
			isa = XCVersionGroup;
			children = (
				15666B3F21D0C33D003464E8 /* weatherapp.xcdatamodel */,
			);
			currentVersion = 15666B3F21D0C33D003464E8 /* weatherapp.xcdatamodel */;
			path = weatherapp.xcdatamodeld;
			sourceTree = "<group>";
			versionGroupType = wrapper.xcdatamodel;
		};
/* End XCVersionGroup section */
	};
	rootObject = 15666B2C21D0C33D003464E8 /* Project object */;
}
