// !$*UTF8*$!
{
	archiveVersion = 1;
	classes = {
	};
	objectVersion = 50;
	objects = {

/* Begin PBXBuildFile section */
		15666B3821D0C33D003464E8 /* AppDelegate.swift in Sources */ = {isa = PBXBuildFile; fileRef = 15666B3721D0C33D003464E8 /* AppDelegate.swift */; };
		15666B3A21D0C33D003464E8 /* ViewController.swift in Sources */ = {isa = PBXBuildFile; fileRef = 15666B3921D0C33D003464E8 /* ViewController.swift */; };
		15666B3D21D0C33D003464E8 /* Main.storyboard in Resources */ = {isa = PBXBuildFile; fileRef = 15666B3B21D0C33D003464E8 /* Main.storyboard */; };
		15666B4021D0C33D003464E8 /* weatherapp.xcdatamodeld in Sources */ = {isa = PBXBuildFile; fileRef = 15666B3E21D0C33D003464E8 /* weatherapp.xcdatamodeld */; };
		15666B4221D0C33E003464E8 /* Assets.xcassets in Resources */ = {isa = PBXBuildFile; fileRef = 15666B4121D0C33E003464E8 /* Assets.xcassets */; };
		15666B4521D0C33E003464E8 /* LaunchScreen.storyboard in Resources */ = {isa = PBXBuildFile; fileRef = 15666B4321D0C33E003464E8 /* LaunchScreen.storyboard */; };
/* End PBXBuildFile section */

/* Begin PBXFileReference section */
		15666B3421D0C33D003464E8 /* weatherapp.app */ = {isa = PBXFileReference; explicitFileType = wrapper.application; includeInIndex = 0; path = weatherapp.app; sourceTree = BUILT_PRODUCTS_DIR; };
		15666B3721D0C33D003464E8 /* AppDelegate.swift */ = {isa = PBXFileReference; lastKnownFileType = sourcecode.swift; path = AppDelegate.swift; sourceTree = "<group>"; };
		15666B3921D0C33D003464E8 /* ViewController.swift */ = {isa = PBXFileReference; lastKnownFileType = sourcecode.swift; path = ViewController.swift; sourceTree = "<group>"; };
		15666B3C21D0C33D003464E8 /* Base */ = {isa = PBXFileReference; lastKnownFileType = file.storyboard; name = Base; path = Base.lproj/Main.storyboard; sourceTree = "<group>"; };
		15666B3F21D0C33D003464E8 /* weatherapp.xcdatamodel */ = {isa = PBXFileReference; lastKnownFileType = wrapper.xcdatamodel; path = weatherapp.xcdatamodel; sourceTree = "<group>"; };
		15666B4121D0C33E003464E8 /* Assets.xcassets */ = {isa = PBXFileReference; lastKnownFileType = folder.assetcatalog; path = Assets.xcassets; sourceTree = "<group>"; };
		15666B4421D0C33E003464E8 /* Base */ = {isa = PBXFileReference; lastKnownFileType = file.storyboard; name = Base; path = Base.lproj/LaunchScreen.storyboard; sourceTree = "<group>"; };
		15666B4621D0C33E003464E8 /* Info.plist */ = {isa = PBXFileReference; lastKnownFileType = text.plist.xml; path = Info.plist; sourceTree = "<group>"; };
/* End PBXFileReference section */

/* Begin PBXFrameworksBuildPhase section */
		15666B3121D0C33D003464E8 /* Frameworks */ = {
			isa = PBXFrameworksBuildPhase;
			buildActionMask = 2147483647;
			files = (
			);
			runOnlyForDeploymentPostprocessing = 0;
		};
/* End PBXFrameworksBuildPhase section */

/* Begin PBXGroup section */
		15666B2B21D0C33D003464E8 = {
			isa = PBXGroup;
			children = (
				15666B3621D0C33D003464E8 /* weatherapp */,
				15666B3521D0C33D003464E8 /* Products */,
			);
			sourceTree = "<group>";
		};
		15666B3521D0C33D003464E8 /* Products */ = {
			isa = PBXGroup;
			children = (
				15666B3421D0C33D003464E8 /* weatherapp.app */,
			);
			name = Products;
			sourceTree = "<group>";
		};
		15666B3621D0C33D003464E8 /* weatherapp */ = {
			isa = PBXGroup;
			children = (
				15666B3721D0C33D003464E8 /* AppDelegate.swift */,
				15666B3921D0C33D003464E8 /* ViewController.swift */,
				15666B3B21D0C33D003464E8 /* Main.storyboard */,
				15666B4121D0C33E003464E8 /* Assets.xcassets */,
				15666B4321D0C33E003464E8 /* LaunchScreen.storyboard */,
				15666B4621D0C33E003464E8 /* Info.plist */,
				15666B3E21D0C33D003464E8 /* weatherapp.xcdatamodeld */,
			);
			path = weatherapp;
			sourceTree = "<group>";
		};
/* End PBXGroup section */

/* Begin PBXNativeTarget section */
		15666B3321D0C33D003464E8 /* weatherapp */ = {
			isa = PBXNativeTarget;
			buildConfigurationList = 15666B4921D0C33E003464E8 /* Build configuration list for PBXNativeTarget "weatherapp" */;
			buildPhases = (
				15666B3021D0C33D003464E8 /* Sources */,
				15666B3121D0C33D003464E8 /* Frameworks */,
				15666B3221D0C33D003464E8 /* Resources */,
			);
			buildRules = (
			);
			dependencies = (
			);
			name = weatherapp;
			productName = weatherapp;
			productReference = 15666B3421D0C33D003464E8 /* weatherapp.app */;
			productType = "com.apple.product-type.application";
		};
/* End PBXNativeTarget section */

/* Begin PBXProject section */
		15666B2C21D0C33D003464E8 /* Project object */ = {
			isa = PBXProject;
			attributes = {
				LastSwiftUpdateCheck = 1010;
				LastUpgradeCheck = 1010;
				ORGANIZATIONNAME = "Felix Boquet";
				TargetAttributes = {
					15666B3321D0C33D003464E8 = {
						CreatedOnToolsVersion = 10.1;
					};
				};
			};
			buildConfigurationList = 15666B2F21D0C33D003464E8 /* Build configuration list for PBXProject "weatherapp" */;
			compatibilityVersion = "Xcode 9.3";
			developmentRegion = en;
			hasScannedForEncodings = 0;
			knownRegions = (
				en,
				Base,
			);
			mainGroup = 15666B2B21D0C33D003464E8;
			productRefGroup = 15666B3521D0C33D003464E8 /* Products */;
			projectDirPath = "";
			projectRoot = "";
			targets = (
				15666B3321D0C33D003464E8 /* weatherapp */,
			);
		};
/* End PBXProject section */

/* Begin PBXResourcesBuildPhase section */
		15666B3221D0C33D003464E8 /* Resources */ = {
			isa = PBXResourcesBuildPhase;
			buildActionMask = 2147483647;
			files = (
				15666B4521D0C33E003464E8 /* LaunchScreen.storyboard in Resources */,
				15666B4221D0C33E003464E8 /* Assets.xcassets in Resources */,
				15666B3D21D0C33D003464E8 /* Main.storyboard in Resources */,
			);
			runOnlyForDeploymentPostprocessing = 0;
		};
/* End PBXResourcesBuildPhase section */

/* Begin PBXSourcesBuildPhase section */
		15666B3021D0C33D003464E8 /* Sources */ = {
			isa = PBXSourcesBuildPhase;
			buildActionMask = 2147483647;
			files = (
				15666B3A21D0C33D003464E8 /* ViewController.swift in Sources */,
				15666B4021D0C33D003464E8 /* weatherapp.xcdatamodeld in Sources */,
				15666B3821D0C33D003464E8 /* AppDelegate.swift in Sources */,
			);
			runOnlyForDeploymentPostprocessing = 0;
		};
/* End PBXSourcesBuildPhase section */

/* Begin PBXVariantGroup section */
		15666B3B21D0C33D003464E8 /* Main.storyboard */ = {
			isa = PBXVariantGroup;
			children = (
				15666B3C21D0C33D003464E8 /* Base */,
			);
			name = Main.storyboard;
			sourceTree = "<group>";
		};
		15666B4321D0C33E003464E8 /* LaunchScreen.storyboard */ = {
			isa = PBXVariantGroup;
			children = (
				15666B4421D0C33E003464E8 /* Base */,
			);
			name = LaunchScreen.storyboard;
			sourceTree = "<group>";
		};
/* End PBXVariantGroup section */

/* Begin XCBuildConfiguration section */
		15666B4721D0C33E003464E8 /* Debug */ = {
			isa = XCBuildConfiguration;
			buildSettings = {
				ALWAYS_SEARCH_USER_PATHS = NO;
				CLANG_ANALYZER_NONNULL = YES;
				CLANG_ANALYZER_NUMBER_OBJECT_CONVERSION = YES_AGGRESSIVE;
				CLANG_CXX_LANGUAGE_STANDARD = "gnu++14";
				CLANG_CXX_LIBRARY = "libc++";
				CLANG_ENABLE_MODULES = YES;
				CLANG_ENABLE_OBJC_ARC = YES;
				CLANG_ENABLE_OBJC_WEAK = YES;
				CLANG_WARN_BLOCK_CAPTURE_AUTORELEASING = YES;
				CLANG_WARN_BOOL_CONVERSION = YES;
				CLANG_WARN_COMMA = YES;
				CLANG_WARN_CONSTANT_CONVERSION = YES;
				CLANG_WARN_DEPRECATED_OBJC_IMPLEMENTATIONS = YES;
				CLANG_WARN_DIRECT_OBJC_ISA_USAGE = YES_ERROR;
				CLANG_WARN_DOCUMENTATION_COMMENTS = YES;
				CLANG_WARN_EMPTY_BODY = YES;
				CLANG_WARN_ENUM_CONVERSION = YES;
				CLANG_WARN_INFINITE_RECURSION = YES;
				CLANG_WARN_INT_CONVERSION = YES;
				CLANG_WARN_NON_LITERAL_NULL_CONVERSION = YES;
				CLANG_WARN_OBJC_IMPLICIT_RETAIN_SELF = YES;
				CLANG_WARN_OBJC_LITERAL_CONVERSION = YES;
				CLANG_WARN_OBJC_ROOT_CLASS = YES_ERROR;
				CLANG_WARN_RANGE_LOOP_ANALYSIS = YES;
				CLANG_WARN_STRICT_PROTOTYPES = YES;
				CLANG_WARN_SUSPICIOUS_MOVE = YES;
				CLANG_WARN_UNGUARDED_AVAILABILITY = YES_AGGRESSIVE;
				CLANG_WARN_UNREACHABLE_CODE = YES;
				CLANG_WARN__DUPLICATE_METHOD_MATCH = YES;
				CODE_SIGN_IDENTITY = "iPhone Developer";
				COPY_PHASE_STRIP = NO;
				DEBUG_INFORMATION_FORMAT = dwarf;
				ENABLE_STRICT_OBJC_MSGSEND = YES;
				ENABLE_TESTABILITY = YES;
				GCC_C_LANGUAGE_STANDARD = gnu11;
				GCC_DYNAMIC_NO_PIC = NO;
				GCC_NO_COMMON_BLOCKS = YES;
				GCC_OPTIMIZATION_LEVEL = 0;
				GCC_PREPROCESSOR_DEFINITIONS = (
					"DEBUG=1",
					"$(inherited)",
				);
				GCC_WARN_64_TO_32_BIT_CONVERSION = YES;
				GCC_WARN_ABOUT_RETURN_TYPE = YES_ERROR;
				GCC_WARN_UNDECLARED_SELECTOR = YES;
				GCC_WARN_UNINITIALIZED_AUTOS = YES_AGGRESSIVE;
				GCC_WARN_UNUSED_FUNCTION = YES;
				GCC_WARN_UNUSED_VARIABLE = YES;
				IPHONEOS_DEPLOYMENT_TARGET = 12.1;
				MTL_ENABLE_DEBUG_INFO = INCLUDE_SOURCE;
				MTL_FAST_MATH = YES;
				ONLY_ACTIVE_ARCH = YES;
				SDKROOT = iphoneos;
				SWIFT_ACTIVE_COMPILATION_CONDITIONS = DEBUG;
				SWIFT_OPTIMIZATION_LEVEL = "-Onone";
			};
			name = Debug;
		};
		15666B4821D0C33E003464E8 /* Release */ = {
			isa = XCBuildConfiguration;
			buildSettings = {
				ALWAYS_SEARCH_USER_PATHS = NO;
				CLANG_ANALYZER_NONNULL = YES;
				CLANG_ANALYZER_NUMBER_OBJECT_CONVERSION = YES_AGGRESSIVE;
				CLANG_CXX_LANGUAGE_STANDARD = "gnu++14";
				CLANG_CXX_LIBRARY = "libc++";
				CLANG_ENABLE_MODULES = YES;
				CLANG_ENABLE_OBJC_ARC = YES;
				CLANG_ENABLE_OBJC_WEAK = YES;
				CLANG_WARN_BLOCK_CAPTURE_AUTORELEASING = YES;
				CLANG_WARN_BOOL_CONVERSION = YES;
				CLANG_WARN_COMMA = YES;
				CLANG_WARN_CONSTANT_CONVERSION = YES;
				CLANG_WARN_DEPRECATED_OBJC_IMPLEMENTATIONS = YES;
				CLANG_WARN_DIRECT_OBJC_ISA_USAGE = YES_ERROR;
				CLANG_WARN_DOCUMENTATION_COMMENTS = YES;
				CLANG_WARN_EMPTY_BODY = YES;
				CLANG_WARN_ENUM_CONVERSION = YES;
				CLANG_WARN_INFINITE_RECURSION = YES;
				CLANG_WARN_INT_CONVERSION = YES;
				CLANG_WARN_NON_LITERAL_NULL_CONVERSION = YES;
				CLANG_WARN_OBJC_IMPLICIT_RETAIN_SELF = YES;
				CLANG_WARN_OBJC_LITERAL_CONVERSION = YES;
				CLANG_WARN_OBJC_ROOT_CLASS = YES_ERROR;
				CLANG_WARN_RANGE_LOOP_ANALYSIS = YES;
				CLANG_WARN_STRICT_PROTOTYPES = YES;
				CLANG_WARN_SUSPICIOUS_MOVE = YES;
				CLANG_WARN_UNGUARDED_AVAILABILITY = YES_AGGRESSIVE;
				CLANG_WARN_UNREACHABLE_CODE = YES;
				CLANG_WARN__DUPLICATE_METHOD_MATCH = YES;
				CODE_SIGN_IDENTITY = "iPhone Developer";
				COPY_PHASE_STRIP = NO;
				DEBUG_INFORMATION_FORMAT = "dwarf-with-dsym";
				ENABLE_NS_ASSERTIONS = NO;
				ENABLE_STRICT_OBJC_MSGSEND = YES;
				GCC_C_LANGUAGE_STANDARD = gnu11;
				GCC_NO_COMMON_BLOCKS = YES;
				GCC_WARN_64_TO_32_BIT_CONVERSION = YES;
				GCC_WARN_ABOUT_RETURN_TYPE = YES_ERROR;
				GCC_WARN_UNDECLARED_SELECTOR = YES;
				GCC_WARN_UNINITIALIZED_AUTOS = YES_AGGRESSIVE;
				GCC_WARN_UNUSED_FUNCTION = YES;
				GCC_WARN_UNUSED_VARIABLE = YES;
				IPHONEOS_DEPLOYMENT_TARGET = 12.1;
				MTL_ENABLE_DEBUG_INFO = NO;
				MTL_FAST_MATH = YES;
				SDKROOT = iphoneos;
				SWIFT_COMPILATION_MODE = wholemodule;
				SWIFT_OPTIMIZATION_LEVEL = "-O";
				VALIDATE_PRODUCT = YES;
			};
			name = Release;
		};
		15666B4A21D0C33E003464E8 /* Debug */ = {
			isa = XCBuildConfiguration;
			buildSettings = {
				ASSETCATALOG_COMPILER_APPICON_NAME = AppIcon;
				CODE_SIGN_STYLE = Automatic;
				INFOPLIST_FILE = weatherapp/Info.plist;
				LD_RUNPATH_SEARCH_PATHS = (
					"$(inherited)",
					"@executable_path/Frameworks",
				);
				PRODUCT_BUNDLE_IDENTIFIER = com.boquet.weatherapp;
				PRODUCT_NAME = "$(TARGET_NAME)";
				SWIFT_VERSION = 4.2;
				TARGETED_DEVICE_FAMILY = "1,2";
			};
			name = Debug;
		};
		15666B4B21D0C33E003464E8 /* Release */ = {
			isa = XCBuildConfiguration;
			buildSettings = {
				ASSETCATALOG_COMPILER_APPICON_NAME = AppIcon;
				CODE_SIGN_STYLE = Automatic;
				INFOPLIST_FILE = weatherapp/Info.plist;
				LD_RUNPATH_SEARCH_PATHS = (
					"$(inherited)",
					"@executable_path/Frameworks",
				);
				PRODUCT_BUNDLE_IDENTIFIER = com.boquet.weatherapp;
				PRODUCT_NAME = "$(TARGET_NAME)";
				SWIFT_VERSION = 4.2;
				TARGETED_DEVICE_FAMILY = "1,2";
			};
			name = Release;
		};
/* End XCBuildConfiguration section */

/* Begin XCConfigurationList section */
		15666B2F21D0C33D003464E8 /* Build configuration list for PBXProject "weatherapp" */ = {
			isa = XCConfigurationList;
			buildConfigurations = (
				15666B4721D0C33E003464E8 /* Debug */,
				15666B4821D0C33E003464E8 /* Release */,
			);
			defaultConfigurationIsVisible = 0;
			defaultConfigurationName = Release;
		};
		15666B4921D0C33E003464E8 /* Build configuration list for PBXNativeTarget "weatherapp" */ = {
			isa = XCConfigurationList;
			buildConfigurations = (
				15666B4A21D0C33E003464E8 /* Debug */,
				15666B4B21D0C33E003464E8 /* Release */,
			);
			defaultConfigurationIsVisible = 0;
			defaultConfigurationName = Release;
		};
/* End XCConfigurationList section */

/* Begin XCVersionGroup section */
		15666B3E21D0C33D003464E8 /* weatherapp.xcdatamodeld */ = {
			isa = XCVersionGroup;
			children = (
				15666B3F21D0C33D003464E8 /* weatherapp.xcdatamodel */,
			);
			currentVersion = 15666B3F21D0C33D003464E8 /* weatherapp.xcdatamodel */;
			path = weatherapp.xcdatamodeld;
			sourceTree = "<group>";
			versionGroupType = wrapper.xcdatamodel;
		};
/* End XCVersionGroup section */
	};
	rootObject = 15666B2C21D0C33D003464E8 /* Project object */;
}
